{
  "name": "@bu0nq/style.scss.functions",
  "version": "0.1.0",
  "lockfileVersion": 3,
  "requires": true,
  "packages": {
    "": {
      "name": "@bu0nq/style.scss.functions",
      "version": "0.1.0",
      "license": "MIT",
      "dependencies": {
        "@bu0nq/style.scss.function.em": "^0.1.0",
        "@bu0nq/style.scss.function.fluid": "^0.1.0",
        "@bu0nq/style.scss.function.rem": "^0.1.0",
        "@bu0nq/style.scss.function.round": "^0.1.0"
      }
    },
    "node_modules/@bu0nq/style.scss.function.em": {
      "version": "0.1.0",
      "resolved": "https://registry.npmjs.org/@bu0nq/style.scss.function.em/-/style.scss.function.em-0.1.0.tgz",
      "integrity": "sha512-ojiEwM0ppbMtIy125qKGzB6Tz8mrvSUKKcPCDNdswo9UXhCf+BHd3VJ7ullbnWKwDjdIz6G4iIgts7yXZGGxww==",
      "license": "MIT"
    },
    "node_modules/@bu0nq/style.scss.function.fluid": {
      "version": "0.1.0",
      "resolved": "https://registry.npmjs.org/@bu0nq/style.scss.function.fluid/-/style.scss.function.fluid-0.1.0.tgz",
      "integrity": "sha512-lNOeY5X6e5PRrlOpNRpk4OGQG4BJMPRaS5pDAaEnR4mZTLA59BhP//guVeLOwySlhM3oAQkHCtDAuaZnsyoV8A==",
      "license": "MIT",
      "dependencies": {
        "@bu0nq/style.scss.function.rem": "^0.1.0",
        "@bu0nq/style.scss.function.round": "^0.1.0"
      }
    },
    "node_modules/@bu0nq/style.scss.function.rem": {
      "version": "0.1.0",
      "resolved": "https://registry.npmjs.org/@bu0nq/style.scss.function.rem/-/style.scss.function.rem-0.1.0.tgz",
      "integrity": "sha512-ZUnv3nJ93OXE/z3JL34hfsru3YYVc3CCj2qYyOZL0P+hMRWhOo/9cmf5LgucdLu0eE0BfOBCS0BeFvxQ45ULZw==",
      "license": "MIT"
    },
    "node_modules/@bu0nq/style.scss.function.round": {
      "version": "0.1.0",
      "resolved": "https://registry.npmjs.org/@bu0nq/style.scss.function.round/-/style.scss.function.round-0.1.0.tgz",
      "integrity": "sha512-sGjZ19Nit8OR0OlzUGWbkENzItNAvPHGaMT9wX7yb2RF3IT9SY4WUQgAiwEGlWQL80lk0TlAQdLLc34jjiJqbw==",
      "license": "MIT"
    }
  }
}
